// !$*UTF8*$!
{
	archiveVersion = 1;
	classes = {
	};
	objectVersion = 46;
	objects = {

/* Begin PBXBuildFile section */
		887D419776A5D8816D914836 /* libPods-BuscaCEP-Swift.a in Frameworks */ = {isa = PBXBuildFile; fileRef = 982EEBEF18385BD7476A0E59 /* libPods-BuscaCEP-Swift.a */; };
		DBCD28081E2D63CB00BC7F42 /* AppDelegate.swift in Sources */ = {isa = PBXBuildFile; fileRef = DBCD28071E2D63CB00BC7F42 /* AppDelegate.swift */; };
		DBCD280A1E2D63CB00BC7F42 /* ViewController.swift in Sources */ = {isa = PBXBuildFile; fileRef = DBCD28091E2D63CB00BC7F42 /* ViewController.swift */; };
		DBCD280D1E2D63CB00BC7F42 /* Main.storyboard in Resources */ = {isa = PBXBuildFile; fileRef = DBCD280B1E2D63CB00BC7F42 /* Main.storyboard */; };
		DBCD280F1E2D63CB00BC7F42 /* Assets.xcassets in Resources */ = {isa = PBXBuildFile; fileRef = DBCD280E1E2D63CB00BC7F42 /* Assets.xcassets */; };
		DBCD28121E2D63CB00BC7F42 /* LaunchScreen.storyboard in Resources */ = {isa = PBXBuildFile; fileRef = DBCD28101E2D63CB00BC7F42 /* LaunchScreen.storyboard */; };
/* End PBXBuildFile section */

/* Begin PBXFileReference section */
		67C3ACF97D8195E38B9950A5 /* Pods-BuscaCEP-Swift.debug.xcconfig */ = {isa = PBXFileReference; includeInIndex = 1; lastKnownFileType = text.xcconfig; name = "Pods-BuscaCEP-Swift.debug.xcconfig"; path = "Pods/Target Support Files/Pods-BuscaCEP-Swift/Pods-BuscaCEP-Swift.debug.xcconfig"; sourceTree = "<group>"; };
		982EEBEF18385BD7476A0E59 /* libPods-BuscaCEP-Swift.a */ = {isa = PBXFileReference; explicitFileType = archive.ar; includeInIndex = 0; path = "libPods-BuscaCEP-Swift.a"; sourceTree = BUILT_PRODUCTS_DIR; };
		DBCD28041E2D63CB00BC7F42 /* BuscaCEP-Swift.app */ = {isa = PBXFileReference; explicitFileType = wrapper.application; includeInIndex = 0; path = "BuscaCEP-Swift.app"; sourceTree = BUILT_PRODUCTS_DIR; };
		DBCD28071E2D63CB00BC7F42 /* AppDelegate.swift */ = {isa = PBXFileReference; lastKnownFileType = sourcecode.swift; path = AppDelegate.swift; sourceTree = "<group>"; };
		DBCD28091E2D63CB00BC7F42 /* ViewController.swift */ = {isa = PBXFileReference; lastKnownFileType = sourcecode.swift; path = ViewController.swift; sourceTree = "<group>"; };
		DBCD280C1E2D63CB00BC7F42 /* Base */ = {isa = PBXFileReference; lastKnownFileType = file.storyboard; name = Base; path = Base.lproj/Main.storyboard; sourceTree = "<group>"; };
		DBCD280E1E2D63CB00BC7F42 /* Assets.xcassets */ = {isa = PBXFileReference; lastKnownFileType = folder.assetcatalog; path = Assets.xcassets; sourceTree = "<group>"; };
		DBCD28111E2D63CB00BC7F42 /* Base */ = {isa = PBXFileReference; lastKnownFileType = file.storyboard; name = Base; path = Base.lproj/LaunchScreen.storyboard; sourceTree = "<group>"; };
		DBCD28131E2D63CB00BC7F42 /* Info.plist */ = {isa = PBXFileReference; lastKnownFileType = text.plist.xml; path = Info.plist; sourceTree = "<group>"; };
		F516773671702888ED1D5417 /* Pods-BuscaCEP-Swift.release.xcconfig */ = {isa = PBXFileReference; includeInIndex = 1; lastKnownFileType = text.xcconfig; name = "Pods-BuscaCEP-Swift.release.xcconfig"; path = "Pods/Target Support Files/Pods-BuscaCEP-Swift/Pods-BuscaCEP-Swift.release.xcconfig"; sourceTree = "<group>"; };
/* End PBXFileReference section */

/* Begin PBXFrameworksBuildPhase section */
		DBCD28011E2D63CB00BC7F42 /* Frameworks */ = {
			isa = PBXFrameworksBuildPhase;
			buildActionMask = 2147483647;
			files = (
				887D419776A5D8816D914836 /* libPods-BuscaCEP-Swift.a in Frameworks */,
			);
			runOnlyForDeploymentPostprocessing = 0;
		};
/* End PBXFrameworksBuildPhase section */

/* Begin PBXGroup section */
		7865F27B5B14C2FC7D43ED65 /* Pods */ = {
			isa = PBXGroup;
			children = (
				67C3ACF97D8195E38B9950A5 /* Pods-BuscaCEP-Swift.debug.xcconfig */,
				F516773671702888ED1D5417 /* Pods-BuscaCEP-Swift.release.xcconfig */,
			);
			name = Pods;
			sourceTree = "<group>";
		};
		877B09184893355D982ED609 /* Frameworks */ = {
			isa = PBXGroup;
			children = (
				982EEBEF18385BD7476A0E59 /* libPods-BuscaCEP-Swift.a */,
			);
			name = Frameworks;
			sourceTree = "<group>";
		};
		DBCD27FB1E2D63CB00BC7F42 = {
			isa = PBXGroup;
			children = (
				DBCD28061E2D63CB00BC7F42 /* BuscaCEP-Swift */,
				DBCD28051E2D63CB00BC7F42 /* Products */,
				7865F27B5B14C2FC7D43ED65 /* Pods */,
				877B09184893355D982ED609 /* Frameworks */,
			);
			sourceTree = "<group>";
		};
		DBCD28051E2D63CB00BC7F42 /* Products */ = {
			isa = PBXGroup;
			children = (
				DBCD28041E2D63CB00BC7F42 /* BuscaCEP-Swift.app */,
			);
			name = Products;
			sourceTree = "<group>";
		};
		DBCD28061E2D63CB00BC7F42 /* BuscaCEP-Swift */ = {
			isa = PBXGroup;
			children = (
				DBCD28071E2D63CB00BC7F42 /* AppDelegate.swift */,
				DBCD28091E2D63CB00BC7F42 /* ViewController.swift */,
				DBCD280B1E2D63CB00BC7F42 /* Main.storyboard */,
				DBCD280E1E2D63CB00BC7F42 /* Assets.xcassets */,
				DBCD28101E2D63CB00BC7F42 /* LaunchScreen.storyboard */,
				DBCD28131E2D63CB00BC7F42 /* Info.plist */,
			);
			path = "BuscaCEP-Swift";
			sourceTree = "<group>";
		};
/* End PBXGroup section */

/* Begin PBXNativeTarget section */
		DBCD28031E2D63CB00BC7F42 /* BuscaCEP-Swift */ = {
			isa = PBXNativeTarget;
			buildConfigurationList = DBCD28161E2D63CB00BC7F42 /* Build configuration list for PBXNativeTarget "BuscaCEP-Swift" */;
			buildPhases = (
				5D9CB2302CF095CA829BF147 /* [CP] Check Pods Manifest.lock */,
				DBCD28001E2D63CB00BC7F42 /* Sources */,
				DBCD28011E2D63CB00BC7F42 /* Frameworks */,
				DBCD28021E2D63CB00BC7F42 /* Resources */,
				F3BFA5C524D638D3B98CD0B1 /* [CP] Embed Pods Frameworks */,
				DF28F79B3D154DC82EF5B6BC /* [CP] Copy Pods Resources */,
			);
			buildRules = (
			);
			dependencies = (
			);
			name = "BuscaCEP-Swift";
			productName = "BuscaCEP-Swift";
			productReference = DBCD28041E2D63CB00BC7F42 /* BuscaCEP-Swift.app */;
			productType = "com.apple.product-type.application";
		};
/* End PBXNativeTarget section */

/* Begin PBXProject section */
		DBCD27FC1E2D63CB00BC7F42 /* Project object */ = {
			isa = PBXProject;
			attributes = {
				LastSwiftMigration = 0730;
				LastSwiftUpdateCheck = 0730;
				LastUpgradeCheck = 0730;
				ORGANIZATIONNAME = dpagliotto;
				TargetAttributes = {
					DBCD28031E2D63CB00BC7F42 = {
						CreatedOnToolsVersion = 7.3;
						DevelopmentTeam = FP83EACYGV;
						LastSwiftMigration = 0830;
					};
				};
			};
			buildConfigurationList = DBCD27FF1E2D63CB00BC7F42 /* Build configuration list for PBXProject "BuscaCEP-Swift" */;
			compatibilityVersion = "Xcode 3.2";
			developmentRegion = English;
			hasScannedForEncodings = 0;
			knownRegions = (
				en,
				Base,
			);
			mainGroup = DBCD27FB1E2D63CB00BC7F42;
			productRefGroup = DBCD28051E2D63CB00BC7F42 /* Products */;
			projectDirPath = "";
			projectRoot = "";
			targets = (
				DBCD28031E2D63CB00BC7F42 /* BuscaCEP-Swift */,
			);
		};
/* End PBXProject section */

/* Begin PBXResourcesBuildPhase section */
		DBCD28021E2D63CB00BC7F42 /* Resources */ = {
			isa = PBXResourcesBuildPhase;
			buildActionMask = 2147483647;
			files = (
				DBCD28121E2D63CB00BC7F42 /* LaunchScreen.storyboard in Resources */,
				DBCD280F1E2D63CB00BC7F42 /* Assets.xcassets in Resources */,
				DBCD280D1E2D63CB00BC7F42 /* Main.storyboard in Resources */,
			);
			runOnlyForDeploymentPostprocessing = 0;
		};
/* End PBXResourcesBuildPhase section */

/* Begin PBXShellScriptBuildPhase section */
		5D9CB2302CF095CA829BF147 /* [CP] Check Pods Manifest.lock */ = {
			isa = PBXShellScriptBuildPhase;
			buildActionMask = 2147483647;
			files = (
			);
			inputPaths = (
			);
			name = "[CP] Check Pods Manifest.lock";
			outputPaths = (
			);
			runOnlyForDeploymentPostprocessing = 0;
			shellPath = /bin/sh;
			shellScript = "diff \"${PODS_PODFILE_DIR_PATH}/Podfile.lock\" \"${PODS_ROOT}/Manifest.lock\" > /dev/null\nif [ $? != 0 ] ; then\n    # print error to STDERR\n    echo \"error: The sandbox is not in sync with the Podfile.lock. Run 'pod install' or update your CocoaPods installation.\" >&2\n    exit 1\nfi\n";
			showEnvVarsInLog = 0;
		};
		DF28F79B3D154DC82EF5B6BC /* [CP] Copy Pods Resources */ = {
			isa = PBXShellScriptBuildPhase;
			buildActionMask = 2147483647;
			files = (
			);
			inputPaths = (
			);
			name = "[CP] Copy Pods Resources";
			outputPaths = (
			);
			runOnlyForDeploymentPostprocessing = 0;
			shellPath = /bin/sh;
			shellScript = "\"${SRCROOT}/Pods/Target Support Files/Pods-BuscaCEP-Swift/Pods-BuscaCEP-Swift-resources.sh\"\n";
			showEnvVarsInLog = 0;
		};
		F3BFA5C524D638D3B98CD0B1 /* [CP] Embed Pods Frameworks */ = {
			isa = PBXShellScriptBuildPhase;
			buildActionMask = 2147483647;
			files = (
			);
			inputPaths = (
			);
			name = "[CP] Embed Pods Frameworks";
			outputPaths = (
			);
			runOnlyForDeploymentPostprocessing = 0;
			shellPath = /bin/sh;
			shellScript = "\"${SRCROOT}/Pods/Target Support Files/Pods-BuscaCEP-Swift/Pods-BuscaCEP-Swift-frameworks.sh\"\n";
			showEnvVarsInLog = 0;
		};
/* End PBXShellScriptBuildPhase section */

/* Begin PBXSourcesBuildPhase section */
		DBCD28001E2D63CB00BC7F42 /* Sources */ = {
			isa = PBXSourcesBuildPhase;
			buildActionMask = 2147483647;
			files = (
				DBCD280A1E2D63CB00BC7F42 /* ViewController.swift in Sources */,
				DBCD28081E2D63CB00BC7F42 /* AppDelegate.swift in Sources */,
			);
			runOnlyForDeploymentPostprocessing = 0;
		};
/* End PBXSourcesBuildPhase section */

/* Begin PBXVariantGroup section */
		DBCD280B1E2D63CB00BC7F42 /* Main.storyboard */ = {
			isa = PBXVariantGroup;
			children = (
				DBCD280C1E2D63CB00BC7F42 /* Base */,
			);
			name = Main.storyboard;
			sourceTree = "<group>";
		};
		DBCD28101E2D63CB00BC7F42 /* LaunchScreen.storyboard */ = {
			isa = PBXVariantGroup;
			children = (
				DBCD28111E2D63CB00BC7F42 /* Base */,
			);
			name = LaunchScreen.storyboard;
			sourceTree = "<group>";
		};
/* End PBXVariantGroup section */

/* Begin XCBuildConfiguration section */
		DBCD28141E2D63CB00BC7F42 /* Debug */ = {
			isa = XCBuildConfiguration;
			buildSettings = {
				ALWAYS_SEARCH_USER_PATHS = NO;
				CLANG_ANALYZER_NONNULL = YES;
				CLANG_CXX_LANGUAGE_STANDARD = "gnu++0x";
				CLANG_CXX_LIBRARY = "libc++";
				CLANG_ENABLE_MODULES = YES;
				CLANG_ENABLE_OBJC_ARC = YES;
				CLANG_WARN_BOOL_CONVERSION = YES;
				CLANG_WARN_CONSTANT_CONVERSION = YES;
				CLANG_WARN_DIRECT_OBJC_ISA_USAGE = YES_ERROR;
				CLANG_WARN_EMPTY_BODY = YES;
				CLANG_WARN_ENUM_CONVERSION = YES;
				CLANG_WARN_INT_CONVERSION = YES;
				CLANG_WARN_OBJC_ROOT_CLASS = YES_ERROR;
				CLANG_WARN_UNREACHABLE_CODE = YES;
				CLANG_WARN__DUPLICATE_METHOD_MATCH = YES;
				"CODE_SIGN_IDENTITY[sdk=iphoneos*]" = "iPhone Developer";
				COPY_PHASE_STRIP = NO;
				DEBUG_INFORMATION_FORMAT = dwarf;
				ENABLE_STRICT_OBJC_MSGSEND = YES;
				ENABLE_TESTABILITY = YES;
				GCC_C_LANGUAGE_STANDARD = gnu99;
				GCC_DYNAMIC_NO_PIC = NO;
				GCC_NO_COMMON_BLOCKS = YES;
				GCC_OPTIMIZATION_LEVEL = 0;
				GCC_PREPROCESSOR_DEFINITIONS = (
					"DEBUG=1",
					"$(inherited)",
				);
				GCC_WARN_64_TO_32_BIT_CONVERSION = YES;
				GCC_WARN_ABOUT_RETURN_TYPE = YES_ERROR;
				GCC_WARN_UNDECLARED_SELECTOR = YES;
				GCC_WARN_UNINITIALIZED_AUTOS = YES_AGGRESSIVE;
				GCC_WARN_UNUSED_FUNCTION = YES;
				GCC_WARN_UNUSED_VARIABLE = YES;
				IPHONEOS_DEPLOYMENT_TARGET = 9.3;
				MTL_ENABLE_DEBUG_INFO = YES;
				ONLY_ACTIVE_ARCH = YES;
				SDKROOT = iphoneos;
				SWIFT_OPTIMIZATION_LEVEL = "-Onone";
			};
			name = Debug;
		};
		DBCD28151E2D63CB00BC7F42 /* Release */ = {
			isa = XCBuildConfiguration;
			buildSettings = {
				ALWAYS_SEARCH_USER_PATHS = NO;
				CLANG_ANALYZER_NONNULL = YES;
				CLANG_CXX_LANGUAGE_STANDARD = "gnu++0x";
				CLANG_CXX_LIBRARY = "libc++";
				CLANG_ENABLE_MODULES = YES;
				CLANG_ENABLE_OBJC_ARC = YES;
				CLANG_WARN_BOOL_CONVERSION = YES;
				CLANG_WARN_CONSTANT_CONVERSION = YES;
				CLANG_WARN_DIRECT_OBJC_ISA_USAGE = YES_ERROR;
				CLANG_WARN_EMPTY_BODY = YES;
				CLANG_WARN_ENUM_CONVERSION = YES;
				CLANG_WARN_INT_CONVERSION = YES;
				CLANG_WARN_OBJC_ROOT_CLASS = YES_ERROR;
				CLANG_WARN_UNREACHABLE_CODE = YES;
				CLANG_WARN__DUPLICATE_METHOD_MATCH = YES;
				"CODE_SIGN_IDENTITY[sdk=iphoneos*]" = "iPhone Developer";
				COPY_PHASE_STRIP = NO;
				DEBUG_INFORMATION_FORMAT = "dwarf-with-dsym";
				ENABLE_NS_ASSERTIONS = NO;
				ENABLE_STRICT_OBJC_MSGSEND = YES;
				GCC_C_LANGUAGE_STANDARD = gnu99;
				GCC_NO_COMMON_BLOCKS = YES;
				GCC_WARN_64_TO_32_BIT_CONVERSION = YES;
				GCC_WARN_ABOUT_RETURN_TYPE = YES_ERROR;
				GCC_WARN_UNDECLARED_SELECTOR = YES;
				GCC_WARN_UNINITIALIZED_AUTOS = YES_AGGRESSIVE;
				GCC_WARN_UNUSED_FUNCTION = YES;
				GCC_WARN_UNUSED_VARIABLE = YES;
				IPHONEOS_DEPLOYMENT_TARGET = 9.3;
				MTL_ENABLE_DEBUG_INFO = NO;
				SDKROOT = iphoneos;
				VALIDATE_PRODUCT = YES;
			};
			name = Release;
		};
		DBCD28171E2D63CB00BC7F42 /* Debug */ = {
			isa = XCBuildConfiguration;
			baseConfigurationReference = 67C3ACF97D8195E38B9950A5 /* Pods-BuscaCEP-Swift.debug.xcconfig */;
			buildSettings = {
				ASSETCATALOG_COMPILER_APPICON_NAME = AppIcon;
				DEVELOPMENT_TEAM = FP83EACYGV;
				INFOPLIST_FILE = "BuscaCEP-Swift/Info.plist";
				LD_RUNPATH_SEARCH_PATHS = "$(inherited) @executable_path/Frameworks";
				PRODUCT_BUNDLE_IDENTIFIER = "br.com.dpagliotto.BuscaCEP-Swift";
				PRODUCT_NAME = "$(TARGET_NAME)";
				SWIFT_VERSION = 3.0;
			};
			name = Debug;
		};
		DBCD28181E2D63CB00BC7F42 /* Release */ = {
			isa = XCBuildConfiguration;
			baseConfigurationReference = F516773671702888ED1D5417 /* Pods-BuscaCEP-Swift.release.xcconfig */;
			buildSettings = {
				ASSETCATALOG_COMPILER_APPICON_NAME = AppIcon;
				DEVELOPMENT_TEAM = FP83EACYGV;
				INFOPLIST_FILE = "BuscaCEP-Swift/Info.plist";
				LD_RUNPATH_SEARCH_PATHS = "$(inherited) @executable_path/Frameworks";
				PRODUCT_BUNDLE_IDENTIFIER = "br.com.dpagliotto.BuscaCEP-Swift";
				PRODUCT_NAME = "$(TARGET_NAME)";
				SWIFT_VERSION = 3.0;
			};
			name = Release;
		};
/* End XCBuildConfiguration section */

/* Begin XCConfigurationList section */
		DBCD27FF1E2D63CB00BC7F42 /* Build configuration list for PBXProject "BuscaCEP-Swift" */ = {
			isa = XCConfigurationList;
			buildConfigurations = (
				DBCD28141E2D63CB00BC7F42 /* Debug */,
				DBCD28151E2D63CB00BC7F42 /* Release */,
			);
			defaultConfigurationIsVisible = 0;
			defaultConfigurationName = Release;
		};
		DBCD28161E2D63CB00BC7F42 /* Build configuration list for PBXNativeTarget "BuscaCEP-Swift" */ = {
			isa = XCConfigurationList;
			buildConfigurations = (
				DBCD28171E2D63CB00BC7F42 /* Debug */,
				DBCD28181E2D63CB00BC7F42 /* Release */,
			);
			defaultConfigurationIsVisible = 0;
			defaultConfigurationName = Release;
		};
/* End XCConfigurationList section */
	};
	rootObject = DBCD27FC1E2D63CB00BC7F42 /* Project object */;
}
